{
  "name": "emberli",
  "version": "0.0.0",
  "lockfileVersion": 1,
  "dependencies": {
    "@types/ember": {
      "version": "2.7.42",
      "resolved": "https://registry.npmjs.org/@types/ember/-/ember-2.7.42.tgz",
      "integrity": "sha512-SPlVYsi6w0EfhSH40JMGmeAW0kHubANN/ajShRvIClL5pEXrC+GTm06rp3XovG28fVkVRJKGY2sCsoiHYXjYtg==",
      "dev": true
    },
    "@types/handlebars": {
      "version": "4.0.33",
      "resolved": "https://registry.npmjs.org/@types/handlebars/-/handlebars-4.0.33.tgz",
      "integrity": "sha512-39w19Mseg83z68JsIdcuFH3Z+BR/Jc3gRBB4Pn/aUm76rdy0prMz5iIMJAOb0Bo6H/rZhQc41vFf3tAMgqufVQ==",
      "dev": true
    },
    "@types/jquery": {
      "version": "3.2.4",
      "resolved": "https://registry.npmjs.org/@types/jquery/-/jquery-3.2.4.tgz",
      "integrity": "sha512-4BD4orDYQmOyf2W/4l6/xHwGgeD+bapybREx87TEIUywj8A4ZbxbhvAhHX2hd1RTB2mxW4Q7PpBqPkXHtZ7Bow==",
      "dev": true
    }
  }
}
